
Microsoft Visual Studio Solution File, Format Version 12.00
# Visual Studio Version 17
VisualStudioVersion = 17.14.36511.14 d17.14
MinimumVisualStudioVersion = 10.0.40219.1
Project("{FAE04EC0-301F-11D3-BF4B-00C04F79EFBC}") = "EnvironmentalSurvey", "EnvironmentalSurvey.csproj", "{3589C7DF-A02B-4487-8569-35458FB295D8}"
EndProject
Global
	GlobalSection(SolutionConfigurationPlatforms) = preSolution
		Debug|Any CPU = Debug|Any CPU
		Release|Any CPU = Release|Any CPU
	EndGlobalSection
	GlobalSection(ProjectConfigurationPlatforms) = postSolution
		{3589C7DF-A02B-4487-8569-35458FB295D8}.Debug|Any CPU.ActiveCfg = Debug|Any CPU
		{3589C7DF-A02B-4487-8569-35458FB295D8}.Debug|Any CPU.Build.0 = Debug|Any CPU
		{3589C7DF-A02B-4487-8569-35458FB295D8}.Release|Any CPU.ActiveCfg = Release|Any CPU
		{3589C7DF-A02B-4487-8569-35458FB295D8}.Release|Any CPU.Build.0 = Release|Any CPU
	EndGlobalSection
	GlobalSection(SolutionProperties) = preSolution
		HideSolutionNode = FALSE
	EndGlobalSection
	GlobalSection(ExtensibilityGlobals) = postSolution
		SolutionGuid = {EDA98FBA-86EE-49A9-BB03-742812E93CA2}
	EndGlobalSection
EndGlobal
